// !$*UTF8*$!
{
	archiveVersion = 1;
	classes = {
	};
	objectVersion = 56;
	objects = {

/* Begin PBXBuildFile section */
		02385BEE298AFAEB00BCEB75 /* SituationsMaping.swift in Sources */ = {isa = PBXBuildFile; fileRef = 02385BED298AFAEB00BCEB75 /* SituationsMaping.swift */; };
		02385BF1298AFD0A00BCEB75 /* SituationsViewModel.swift in Sources */ = {isa = PBXBuildFile; fileRef = 02385BF0298AFD0A00BCEB75 /* SituationsViewModel.swift */; };
		02385BF3298C039C00BCEB75 /* SituationModel.swift in Sources */ = {isa = PBXBuildFile; fileRef = 02385BF2298C039C00BCEB75 /* SituationModel.swift */; };
		02385BF5298C05AA00BCEB75 /* ArrayExtension.swift in Sources */ = {isa = PBXBuildFile; fileRef = 02385BF4298C05AA00BCEB75 /* ArrayExtension.swift */; };
		02385BF9298D83B300BCEB75 /* PlayerView.swift in Sources */ = {isa = PBXBuildFile; fileRef = 02385BF8298D83B300BCEB75 /* PlayerView.swift */; };
		02385BFC298D862100BCEB75 /* PlayerViewModel.swift in Sources */ = {isa = PBXBuildFile; fileRef = 02385BFB298D862100BCEB75 /* PlayerViewModel.swift */; };
		02385BFF298D87A300BCEB75 /* ProgressbarView.swift in Sources */ = {isa = PBXBuildFile; fileRef = 02385BFE298D87A300BCEB75 /* ProgressbarView.swift */; };
		02385C02298D883000BCEB75 /* Colors.swift in Sources */ = {isa = PBXBuildFile; fileRef = 02385C01298D883000BCEB75 /* Colors.swift */; };
		02385C04298D886C00BCEB75 /* UIScreenExtension.swift in Sources */ = {isa = PBXBuildFile; fileRef = 02385C03298D886C00BCEB75 /* UIScreenExtension.swift */; };
		0238C29E298A5FB700174A02 /* ContentModel.swift in Sources */ = {isa = PBXBuildFile; fileRef = 0238C29D298A5FB700174A02 /* ContentModel.swift */; };
		0238C2A1298AF0E400174A02 /* SituationsView.swift in Sources */ = {isa = PBXBuildFile; fileRef = 0238C2A0298AF0E400174A02 /* SituationsView.swift */; };
		028EED622983EA3C00385273 /* SMTechPrototypeApp.swift in Sources */ = {isa = PBXBuildFile; fileRef = 028EED612983EA3C00385273 /* SMTechPrototypeApp.swift */; };
		028EED642983EA3C00385273 /* ContentView.swift in Sources */ = {isa = PBXBuildFile; fileRef = 028EED632983EA3C00385273 /* ContentView.swift */; };
		028EED662983EA3D00385273 /* Assets.xcassets in Resources */ = {isa = PBXBuildFile; fileRef = 028EED652983EA3D00385273 /* Assets.xcassets */; };
		028EED692983EA3D00385273 /* Preview Assets.xcassets in Resources */ = {isa = PBXBuildFile; fileRef = 028EED682983EA3D00385273 /* Preview Assets.xcassets */; };
		028EED7B2983EFE400385273 /* ContentListView.swift in Sources */ = {isa = PBXBuildFile; fileRef = 028EED7A2983EFE400385273 /* ContentListView.swift */; };
		028EED7E2983F08900385273 /* ContentListViewModel.swift in Sources */ = {isa = PBXBuildFile; fileRef = 028EED7D2983F08900385273 /* ContentListViewModel.swift */; };
		028EED812983F33E00385273 /* CardView.swift in Sources */ = {isa = PBXBuildFile; fileRef = 028EED802983F33E00385273 /* CardView.swift */; };
		028EED852984453900385273 /* ColorExtension.swift in Sources */ = {isa = PBXBuildFile; fileRef = 028EED842984453900385273 /* ColorExtension.swift */; };
		028EED882984474400385273 /* Apollo in Frameworks */ = {isa = PBXBuildFile; productRef = 028EED872984474400385273 /* Apollo */; };
		028EED8B29844D5600385273 /* Contentful in Frameworks */ = {isa = PBXBuildFile; productRef = 028EED8A29844D5600385273 /* Contentful */; };
		02B3B79D29917CC900141EC5 /* ViewExtension.swift in Sources */ = {isa = PBXBuildFile; fileRef = 02B3B79C29917CC900141EC5 /* ViewExtension.swift */; };
		02B3B7A229918D5600141EC5 /* TechniqueModel.swift in Sources */ = {isa = PBXBuildFile; fileRef = 02B3B7A129918D5600141EC5 /* TechniqueModel.swift */; };
		02B3B7A52991CB0600141EC5 /* AppboyKit in Frameworks */ = {isa = PBXBuildFile; productRef = 02B3B7A42991CB0600141EC5 /* AppboyKit */; };
		02B3B7A72991CB0600141EC5 /* AppboyPushStory in Frameworks */ = {isa = PBXBuildFile; productRef = 02B3B7A62991CB0600141EC5 /* AppboyPushStory */; };
		02B3B7A92991CB0600141EC5 /* AppboyUI in Frameworks */ = {isa = PBXBuildFile; productRef = 02B3B7A82991CB0600141EC5 /* AppboyUI */; };
		02B3B7AB2991CB6000141EC5 /* GoogleService-Info.plist in Resources */ = {isa = PBXBuildFile; fileRef = 02B3B7AA2991CB6000141EC5 /* GoogleService-Info.plist */; };
		02B3B7AE2991CBDD00141EC5 /* FirebaseAnalytics in Frameworks */ = {isa = PBXBuildFile; productRef = 02B3B7AD2991CBDD00141EC5 /* FirebaseAnalytics */; };
		02B3B7B02991CBDD00141EC5 /* FirebaseAnalyticsSwift in Frameworks */ = {isa = PBXBuildFile; productRef = 02B3B7AF2991CBDD00141EC5 /* FirebaseAnalyticsSwift */; };
		02B3B7B22991CBDD00141EC5 /* FirebaseCrashlytics in Frameworks */ = {isa = PBXBuildFile; productRef = 02B3B7B12991CBDD00141EC5 /* FirebaseCrashlytics */; };
		02B3B7B42991CBDD00141EC5 /* FirebaseRemoteConfig in Frameworks */ = {isa = PBXBuildFile; productRef = 02B3B7B32991CBDD00141EC5 /* FirebaseRemoteConfig */; };
		02B3B7B62991CBDD00141EC5 /* FirebaseRemoteConfigSwift in Frameworks */ = {isa = PBXBuildFile; productRef = 02B3B7B52991CBDD00141EC5 /* FirebaseRemoteConfigSwift */; };
		02B3B7B829927EF800141EC5 /* BrazeManager.swift in Sources */ = {isa = PBXBuildFile; fileRef = 02B3B7B729927EF800141EC5 /* BrazeManager.swift */; };
		02F132E4299145EA0094ADC3 /* Chargebee in Frameworks */ = {isa = PBXBuildFile; productRef = 02F132E3299145EA0094ADC3 /* Chargebee */; };
		02F132E62991705A0094ADC3 /* AnalyticsManager.swift in Sources */ = {isa = PBXBuildFile; fileRef = 02F132E52991705A0094ADC3 /* AnalyticsManager.swift */; };
/* End PBXBuildFile section */

/* Begin PBXFileReference section */
		02385BED298AFAEB00BCEB75 /* SituationsMaping.swift */ = {isa = PBXFileReference; lastKnownFileType = sourcecode.swift; path = SituationsMaping.swift; sourceTree = "<group>"; };
		02385BF0298AFD0A00BCEB75 /* SituationsViewModel.swift */ = {isa = PBXFileReference; lastKnownFileType = sourcecode.swift; path = SituationsViewModel.swift; sourceTree = "<group>"; };
		02385BF2298C039C00BCEB75 /* SituationModel.swift */ = {isa = PBXFileReference; lastKnownFileType = sourcecode.swift; path = SituationModel.swift; sourceTree = "<group>"; };
		02385BF4298C05AA00BCEB75 /* ArrayExtension.swift */ = {isa = PBXFileReference; lastKnownFileType = sourcecode.swift; path = ArrayExtension.swift; sourceTree = "<group>"; };
		02385BF6298D82F400BCEB75 /* Info.plist */ = {isa = PBXFileReference; lastKnownFileType = text.plist; path = Info.plist; sourceTree = "<group>"; };
		02385BF8298D83B300BCEB75 /* PlayerView.swift */ = {isa = PBXFileReference; lastKnownFileType = sourcecode.swift; path = PlayerView.swift; sourceTree = "<group>"; };
		02385BFB298D862100BCEB75 /* PlayerViewModel.swift */ = {isa = PBXFileReference; lastKnownFileType = sourcecode.swift; path = PlayerViewModel.swift; sourceTree = "<group>"; };
		02385BFE298D87A300BCEB75 /* ProgressbarView.swift */ = {isa = PBXFileReference; lastKnownFileType = sourcecode.swift; path = ProgressbarView.swift; sourceTree = "<group>"; };
		02385C01298D883000BCEB75 /* Colors.swift */ = {isa = PBXFileReference; lastKnownFileType = sourcecode.swift; path = Colors.swift; sourceTree = "<group>"; };
		02385C03298D886C00BCEB75 /* UIScreenExtension.swift */ = {isa = PBXFileReference; lastKnownFileType = sourcecode.swift; path = UIScreenExtension.swift; sourceTree = "<group>"; };
		0238C29D298A5FB700174A02 /* ContentModel.swift */ = {isa = PBXFileReference; lastKnownFileType = sourcecode.swift; path = ContentModel.swift; sourceTree = "<group>"; };
		0238C2A0298AF0E400174A02 /* SituationsView.swift */ = {isa = PBXFileReference; lastKnownFileType = sourcecode.swift; path = SituationsView.swift; sourceTree = "<group>"; };
		028EED5E2983EA3C00385273 /* SMTechPrototype.app */ = {isa = PBXFileReference; explicitFileType = wrapper.application; includeInIndex = 0; path = SMTechPrototype.app; sourceTree = BUILT_PRODUCTS_DIR; };
		028EED612983EA3C00385273 /* SMTechPrototypeApp.swift */ = {isa = PBXFileReference; lastKnownFileType = sourcecode.swift; path = SMTechPrototypeApp.swift; sourceTree = "<group>"; };
		028EED632983EA3C00385273 /* ContentView.swift */ = {isa = PBXFileReference; lastKnownFileType = sourcecode.swift; path = ContentView.swift; sourceTree = "<group>"; };
		028EED652983EA3D00385273 /* Assets.xcassets */ = {isa = PBXFileReference; lastKnownFileType = folder.assetcatalog; path = Assets.xcassets; sourceTree = "<group>"; };
		028EED682983EA3D00385273 /* Preview Assets.xcassets */ = {isa = PBXFileReference; lastKnownFileType = folder.assetcatalog; path = "Preview Assets.xcassets"; sourceTree = "<group>"; };
		028EED7A2983EFE400385273 /* ContentListView.swift */ = {isa = PBXFileReference; lastKnownFileType = sourcecode.swift; path = ContentListView.swift; sourceTree = "<group>"; };
		028EED7D2983F08900385273 /* ContentListViewModel.swift */ = {isa = PBXFileReference; lastKnownFileType = sourcecode.swift; path = ContentListViewModel.swift; sourceTree = "<group>"; };
		028EED802983F33E00385273 /* CardView.swift */ = {isa = PBXFileReference; lastKnownFileType = sourcecode.swift; path = CardView.swift; sourceTree = "<group>"; };
		028EED842984453900385273 /* ColorExtension.swift */ = {isa = PBXFileReference; lastKnownFileType = sourcecode.swift; path = ColorExtension.swift; sourceTree = "<group>"; };
		02B3B79C29917CC900141EC5 /* ViewExtension.swift */ = {isa = PBXFileReference; lastKnownFileType = sourcecode.swift; path = ViewExtension.swift; sourceTree = "<group>"; };
		02B3B7A129918D5600141EC5 /* TechniqueModel.swift */ = {isa = PBXFileReference; lastKnownFileType = sourcecode.swift; path = TechniqueModel.swift; sourceTree = "<group>"; };
		02B3B7AA2991CB6000141EC5 /* GoogleService-Info.plist */ = {isa = PBXFileReference; fileEncoding = 4; lastKnownFileType = text.plist.xml; path = "GoogleService-Info.plist"; sourceTree = "<group>"; };
		02B3B7B729927EF800141EC5 /* BrazeManager.swift */ = {isa = PBXFileReference; lastKnownFileType = sourcecode.swift; path = BrazeManager.swift; sourceTree = "<group>"; };
		02F132E52991705A0094ADC3 /* AnalyticsManager.swift */ = {isa = PBXFileReference; lastKnownFileType = sourcecode.swift; path = AnalyticsManager.swift; sourceTree = "<group>"; };
/* End PBXFileReference section */

/* Begin PBXFrameworksBuildPhase section */
		028EED5B2983EA3C00385273 /* Frameworks */ = {
			isa = PBXFrameworksBuildPhase;
			buildActionMask = 2147483647;
			files = (
				02B3B7AE2991CBDD00141EC5 /* FirebaseAnalytics in Frameworks */,
				02B3B7A52991CB0600141EC5 /* AppboyKit in Frameworks */,
				02B3B7A92991CB0600141EC5 /* AppboyUI in Frameworks */,
				02B3B7A72991CB0600141EC5 /* AppboyPushStory in Frameworks */,
				02B3B7B02991CBDD00141EC5 /* FirebaseAnalyticsSwift in Frameworks */,
				02B3B7B62991CBDD00141EC5 /* FirebaseRemoteConfigSwift in Frameworks */,
				028EED8B29844D5600385273 /* Contentful in Frameworks */,
				02B3B7B22991CBDD00141EC5 /* FirebaseCrashlytics in Frameworks */,
				02F132E4299145EA0094ADC3 /* Chargebee in Frameworks */,
				028EED882984474400385273 /* Apollo in Frameworks */,
				02B3B7B42991CBDD00141EC5 /* FirebaseRemoteConfig in Frameworks */,
			);
			runOnlyForDeploymentPostprocessing = 0;
		};
/* End PBXFrameworksBuildPhase section */

/* Begin PBXGroup section */
		02385BEF298AFCF500BCEB75 /* ViewModel */ = {
			isa = PBXGroup;
			children = (
				02385BF0298AFD0A00BCEB75 /* SituationsViewModel.swift */,
			);
			path = ViewModel;
			sourceTree = "<group>";
		};
		02385BF7298D839C00BCEB75 /* PlayerView */ = {
			isa = PBXGroup;
			children = (
				02385BF8298D83B300BCEB75 /* PlayerView.swift */,
				02385BFA298D860900BCEB75 /* ViewModel */,
			);
			path = PlayerView;
			sourceTree = "<group>";
		};
		02385BFA298D860900BCEB75 /* ViewModel */ = {
			isa = PBXGroup;
			children = (
				02385BFB298D862100BCEB75 /* PlayerViewModel.swift */,
			);
			path = ViewModel;
			sourceTree = "<group>";
		};
		02385BFD298D878900BCEB75 /* ProgressbarView */ = {
			isa = PBXGroup;
			children = (
				02385BFE298D87A300BCEB75 /* ProgressbarView.swift */,
			);
			path = ProgressbarView;
			sourceTree = "<group>";
		};
		0238C29F298AF0D200174A02 /* SituationsView */ = {
			isa = PBXGroup;
			children = (
				0238C2A0298AF0E400174A02 /* SituationsView.swift */,
				02385BEF298AFCF500BCEB75 /* ViewModel */,
			);
			path = SituationsView;
			sourceTree = "<group>";
		};
		028EED552983EA3C00385273 = {
			isa = PBXGroup;
			children = (
				028EED602983EA3C00385273 /* SMTechPrototype */,
				028EED5F2983EA3C00385273 /* Products */,
			);
			sourceTree = "<group>";
		};
		028EED5F2983EA3C00385273 /* Products */ = {
			isa = PBXGroup;
			children = (
				028EED5E2983EA3C00385273 /* SMTechPrototype.app */,
			);
			name = Products;
			sourceTree = "<group>";
		};
		028EED602983EA3C00385273 /* SMTechPrototype */ = {
			isa = PBXGroup;
			children = (
				02385BF6298D82F400BCEB75 /* Info.plist */,
				02B3B7AA2991CB6000141EC5 /* GoogleService-Info.plist */,
				028EED762983EDBD00385273 /* Extensions */,
				028EED752983EDB000385273 /* Models */,
				028EED742983EDA900385273 /* Resources */,
				028EED732983EDA100385273 /* Services */,
				028EED722983ED9A00385273 /* SupportingFiles */,
				028EED712983ED9500385273 /* Utils */,
				028EED702983ED8700385273 /* Views */,
				028EED672983EA3D00385273 /* Preview Content */,
			);
			path = SMTechPrototype;
			sourceTree = "<group>";
		};
		028EED672983EA3D00385273 /* Preview Content */ = {
			isa = PBXGroup;
			children = (
				028EED682983EA3D00385273 /* Preview Assets.xcassets */,
			);
			path = "Preview Content";
			sourceTree = "<group>";
		};
		028EED702983ED8700385273 /* Views */ = {
			isa = PBXGroup;
			children = (
				028EED7F2983F2A200385273 /* CardView */,
				028EED772983EF6E00385273 /* ContentListView */,
				02385BF7298D839C00BCEB75 /* PlayerView */,
				02385BFD298D878900BCEB75 /* ProgressbarView */,
				0238C29F298AF0D200174A02 /* SituationsView */,
			);
			path = Views;
			sourceTree = "<group>";
		};
		028EED712983ED9500385273 /* Utils */ = {
			isa = PBXGroup;
			children = (
				02F132E52991705A0094ADC3 /* AnalyticsManager.swift */,
				02B3B7B729927EF800141EC5 /* BrazeManager.swift */,
				02385C01298D883000BCEB75 /* Colors.swift */,
				02385BED298AFAEB00BCEB75 /* SituationsMaping.swift */,
			);
			path = Utils;
			sourceTree = "<group>";
		};
		028EED722983ED9A00385273 /* SupportingFiles */ = {
			isa = PBXGroup;
			children = (
				028EED612983EA3C00385273 /* SMTechPrototypeApp.swift */,
				028EED632983EA3C00385273 /* ContentView.swift */,
			);
			path = SupportingFiles;
			sourceTree = "<group>";
		};
		028EED732983EDA100385273 /* Services */ = {
			isa = PBXGroup;
			children = (
			);
			path = Services;
			sourceTree = "<group>";
		};
		028EED742983EDA900385273 /* Resources */ = {
			isa = PBXGroup;
			children = (
				028EED652983EA3D00385273 /* Assets.xcassets */,
			);
			path = Resources;
			sourceTree = "<group>";
		};
		028EED752983EDB000385273 /* Models */ = {
			isa = PBXGroup;
			children = (
				0238C29D298A5FB700174A02 /* ContentModel.swift */,
				02385BF2298C039C00BCEB75 /* SituationModel.swift */,
				02B3B7A129918D5600141EC5 /* TechniqueModel.swift */,
			);
			path = Models;
			sourceTree = "<group>";
		};
		028EED762983EDBD00385273 /* Extensions */ = {
			isa = PBXGroup;
			children = (
				02385BF4298C05AA00BCEB75 /* ArrayExtension.swift */,
				028EED842984453900385273 /* ColorExtension.swift */,
				02385C03298D886C00BCEB75 /* UIScreenExtension.swift */,
				02B3B79C29917CC900141EC5 /* ViewExtension.swift */,
			);
			path = Extensions;
			sourceTree = "<group>";
		};
		028EED772983EF6E00385273 /* ContentListView */ = {
			isa = PBXGroup;
			children = (
				028EED7A2983EFE400385273 /* ContentListView.swift */,
				028EED7C2983F00700385273 /* ViewModel */,
			);
			path = ContentListView;
			sourceTree = "<group>";
		};
		028EED7C2983F00700385273 /* ViewModel */ = {
			isa = PBXGroup;
			children = (
				028EED7D2983F08900385273 /* ContentListViewModel.swift */,
			);
			path = ViewModel;
			sourceTree = "<group>";
		};
		028EED7F2983F2A200385273 /* CardView */ = {
			isa = PBXGroup;
			children = (
				028EED802983F33E00385273 /* CardView.swift */,
			);
			path = CardView;
			sourceTree = "<group>";
		};
/* End PBXGroup section */

/* Begin PBXNativeTarget section */
		028EED5D2983EA3C00385273 /* SMTechPrototype */ = {
			isa = PBXNativeTarget;
			buildConfigurationList = 028EED6C2983EA3D00385273 /* Build configuration list for PBXNativeTarget "SMTechPrototype" */;
			buildPhases = (
				028EED5A2983EA3C00385273 /* Sources */,
				028EED5B2983EA3C00385273 /* Frameworks */,
				028EED5C2983EA3C00385273 /* Resources */,
			);
			buildRules = (
			);
			dependencies = (
			);
			name = SMTechPrototype;
			packageProductDependencies = (
				028EED872984474400385273 /* Apollo */,
				028EED8A29844D5600385273 /* Contentful */,
				02F132E3299145EA0094ADC3 /* Chargebee */,
				02B3B7A42991CB0600141EC5 /* AppboyKit */,
				02B3B7A62991CB0600141EC5 /* AppboyPushStory */,
				02B3B7A82991CB0600141EC5 /* AppboyUI */,
				02B3B7AD2991CBDD00141EC5 /* FirebaseAnalytics */,
				02B3B7AF2991CBDD00141EC5 /* FirebaseAnalyticsSwift */,
				02B3B7B12991CBDD00141EC5 /* FirebaseCrashlytics */,
				02B3B7B32991CBDD00141EC5 /* FirebaseRemoteConfig */,
				02B3B7B52991CBDD00141EC5 /* FirebaseRemoteConfigSwift */,
			);
			productName = SMTechPrototype;
			productReference = 028EED5E2983EA3C00385273 /* SMTechPrototype.app */;
			productType = "com.apple.product-type.application";
		};
/* End PBXNativeTarget section */

/* Begin PBXProject section */
		028EED562983EA3C00385273 /* Project object */ = {
			isa = PBXProject;
			attributes = {
				BuildIndependentTargetsInParallel = 1;
				LastSwiftUpdateCheck = 1420;
				LastUpgradeCheck = 1420;
				TargetAttributes = {
					028EED5D2983EA3C00385273 = {
						CreatedOnToolsVersion = 14.2;
					};
				};
			};
			buildConfigurationList = 028EED592983EA3C00385273 /* Build configuration list for PBXProject "SMTechPrototype" */;
			compatibilityVersion = "Xcode 14.0";
			developmentRegion = en;
			hasScannedForEncodings = 0;
			knownRegions = (
				en,
				Base,
			);
			mainGroup = 028EED552983EA3C00385273;
			packageReferences = (
				028EED862984474400385273 /* XCRemoteSwiftPackageReference "apollo-ios" */,
				028EED8929844D5600385273 /* XCRemoteSwiftPackageReference "contentful" */,
				02F132E2299145EA0094ADC3 /* XCRemoteSwiftPackageReference "chargebee-ios" */,
				02B3B7A32991CB0600141EC5 /* XCRemoteSwiftPackageReference "Appboy-ios-sdk" */,
				02B3B7AC2991CBDD00141EC5 /* XCRemoteSwiftPackageReference "firebase-ios-sdk" */,
			);
			productRefGroup = 028EED5F2983EA3C00385273 /* Products */;
			projectDirPath = "";
			projectRoot = "";
			targets = (
				028EED5D2983EA3C00385273 /* SMTechPrototype */,
			);
		};
/* End PBXProject section */

/* Begin PBXResourcesBuildPhase section */
		028EED5C2983EA3C00385273 /* Resources */ = {
			isa = PBXResourcesBuildPhase;
			buildActionMask = 2147483647;
			files = (
				028EED692983EA3D00385273 /* Preview Assets.xcassets in Resources */,
				028EED662983EA3D00385273 /* Assets.xcassets in Resources */,
				02B3B7AB2991CB6000141EC5 /* GoogleService-Info.plist in Resources */,
			);
			runOnlyForDeploymentPostprocessing = 0;
		};
/* End PBXResourcesBuildPhase section */

/* Begin PBXSourcesBuildPhase section */
		028EED5A2983EA3C00385273 /* Sources */ = {
			isa = PBXSourcesBuildPhase;
			buildActionMask = 2147483647;
			files = (
				02385C02298D883000BCEB75 /* Colors.swift in Sources */,
				02385BEE298AFAEB00BCEB75 /* SituationsMaping.swift in Sources */,
				02B3B79D29917CC900141EC5 /* ViewExtension.swift in Sources */,
				0238C2A1298AF0E400174A02 /* SituationsView.swift in Sources */,
				02385BF9298D83B300BCEB75 /* PlayerView.swift in Sources */,
				02385BFF298D87A300BCEB75 /* ProgressbarView.swift in Sources */,
				02B3B7B829927EF800141EC5 /* BrazeManager.swift in Sources */,
				028EED7E2983F08900385273 /* ContentListViewModel.swift in Sources */,
				028EED642983EA3C00385273 /* ContentView.swift in Sources */,
				0238C29E298A5FB700174A02 /* ContentModel.swift in Sources */,
				028EED622983EA3C00385273 /* SMTechPrototypeApp.swift in Sources */,
				02385BF3298C039C00BCEB75 /* SituationModel.swift in Sources */,
				02385BFC298D862100BCEB75 /* PlayerViewModel.swift in Sources */,
				02F132E62991705A0094ADC3 /* AnalyticsManager.swift in Sources */,
				028EED7B2983EFE400385273 /* ContentListView.swift in Sources */,
				02B3B7A229918D5600141EC5 /* TechniqueModel.swift in Sources */,
				028EED812983F33E00385273 /* CardView.swift in Sources */,
				02385BF5298C05AA00BCEB75 /* ArrayExtension.swift in Sources */,
				028EED852984453900385273 /* ColorExtension.swift in Sources */,
				02385BF1298AFD0A00BCEB75 /* SituationsViewModel.swift in Sources */,
				02385C04298D886C00BCEB75 /* UIScreenExtension.swift in Sources */,
			);
			runOnlyForDeploymentPostprocessing = 0;
		};
/* End PBXSourcesBuildPhase section */

/* Begin XCBuildConfiguration section */
		028EED6A2983EA3D00385273 /* Debug */ = {
			isa = XCBuildConfiguration;
			buildSettings = {
				ALWAYS_SEARCH_USER_PATHS = NO;
				CLANG_ANALYZER_NONNULL = YES;
				CLANG_ANALYZER_NUMBER_OBJECT_CONVERSION = YES_AGGRESSIVE;
				CLANG_CXX_LANGUAGE_STANDARD = "gnu++20";
				CLANG_ENABLE_MODULES = YES;
				CLANG_ENABLE_OBJC_ARC = YES;
				CLANG_ENABLE_OBJC_WEAK = YES;
				CLANG_WARN_BLOCK_CAPTURE_AUTORELEASING = YES;
				CLANG_WARN_BOOL_CONVERSION = YES;
				CLANG_WARN_COMMA = YES;
				CLANG_WARN_CONSTANT_CONVERSION = YES;
				CLANG_WARN_DEPRECATED_OBJC_IMPLEMENTATIONS = YES;
				CLANG_WARN_DIRECT_OBJC_ISA_USAGE = YES_ERROR;
				CLANG_WARN_DOCUMENTATION_COMMENTS = YES;
				CLANG_WARN_EMPTY_BODY = YES;
				CLANG_WARN_ENUM_CONVERSION = YES;
				CLANG_WARN_INFINITE_RECURSION = YES;
				CLANG_WARN_INT_CONVERSION = YES;
				CLANG_WARN_NON_LITERAL_NULL_CONVERSION = YES;
				CLANG_WARN_OBJC_IMPLICIT_RETAIN_SELF = YES;
				CLANG_WARN_OBJC_LITERAL_CONVERSION = YES;
				CLANG_WARN_OBJC_ROOT_CLASS = YES_ERROR;
				CLANG_WARN_QUOTED_INCLUDE_IN_FRAMEWORK_HEADER = YES;
				CLANG_WARN_RANGE_LOOP_ANALYSIS = YES;
				CLANG_WARN_STRICT_PROTOTYPES = YES;
				CLANG_WARN_SUSPICIOUS_MOVE = YES;
				CLANG_WARN_UNGUARDED_AVAILABILITY = YES_AGGRESSIVE;
				CLANG_WARN_UNREACHABLE_CODE = YES;
				CLANG_WARN__DUPLICATE_METHOD_MATCH = YES;
				COPY_PHASE_STRIP = NO;
				DEBUG_INFORMATION_FORMAT = dwarf;
				ENABLE_STRICT_OBJC_MSGSEND = YES;
				ENABLE_TESTABILITY = YES;
				GCC_C_LANGUAGE_STANDARD = gnu11;
				GCC_DYNAMIC_NO_PIC = NO;
				GCC_NO_COMMON_BLOCKS = YES;
				GCC_OPTIMIZATION_LEVEL = 0;
				GCC_PREPROCESSOR_DEFINITIONS = (
					"DEBUG=1",
					"$(inherited)",
				);
				GCC_WARN_64_TO_32_BIT_CONVERSION = YES;
				GCC_WARN_ABOUT_RETURN_TYPE = YES_ERROR;
				GCC_WARN_UNDECLARED_SELECTOR = YES;
				GCC_WARN_UNINITIALIZED_AUTOS = YES_AGGRESSIVE;
				GCC_WARN_UNUSED_FUNCTION = YES;
				GCC_WARN_UNUSED_VARIABLE = YES;
				IPHONEOS_DEPLOYMENT_TARGET = 16.2;
				MTL_ENABLE_DEBUG_INFO = INCLUDE_SOURCE;
				MTL_FAST_MATH = YES;
				ONLY_ACTIVE_ARCH = YES;
				SDKROOT = iphoneos;
				SWIFT_ACTIVE_COMPILATION_CONDITIONS = DEBUG;
				SWIFT_OPTIMIZATION_LEVEL = "-Onone";
			};
			name = Debug;
		};
		028EED6B2983EA3D00385273 /* Release */ = {
			isa = XCBuildConfiguration;
			buildSettings = {
				ALWAYS_SEARCH_USER_PATHS = NO;
				CLANG_ANALYZER_NONNULL = YES;
				CLANG_ANALYZER_NUMBER_OBJECT_CONVERSION = YES_AGGRESSIVE;
				CLANG_CXX_LANGUAGE_STANDARD = "gnu++20";
				CLANG_ENABLE_MODULES = YES;
				CLANG_ENABLE_OBJC_ARC = YES;
				CLANG_ENABLE_OBJC_WEAK = YES;
				CLANG_WARN_BLOCK_CAPTURE_AUTORELEASING = YES;
				CLANG_WARN_BOOL_CONVERSION = YES;
				CLANG_WARN_COMMA = YES;
				CLANG_WARN_CONSTANT_CONVERSION = YES;
				CLANG_WARN_DEPRECATED_OBJC_IMPLEMENTATIONS = YES;
				CLANG_WARN_DIRECT_OBJC_ISA_USAGE = YES_ERROR;
				CLANG_WARN_DOCUMENTATION_COMMENTS = YES;
				CLANG_WARN_EMPTY_BODY = YES;
				CLANG_WARN_ENUM_CONVERSION = YES;
				CLANG_WARN_INFINITE_RECURSION = YES;
				CLANG_WARN_INT_CONVERSION = YES;
				CLANG_WARN_NON_LITERAL_NULL_CONVERSION = YES;
				CLANG_WARN_OBJC_IMPLICIT_RETAIN_SELF = YES;
				CLANG_WARN_OBJC_LITERAL_CONVERSION = YES;
				CLANG_WARN_OBJC_ROOT_CLASS = YES_ERROR;
				CLANG_WARN_QUOTED_INCLUDE_IN_FRAMEWORK_HEADER = YES;
				CLANG_WARN_RANGE_LOOP_ANALYSIS = YES;
				CLANG_WARN_STRICT_PROTOTYPES = YES;
				CLANG_WARN_SUSPICIOUS_MOVE = YES;
				CLANG_WARN_UNGUARDED_AVAILABILITY = YES_AGGRESSIVE;
				CLANG_WARN_UNREACHABLE_CODE = YES;
				CLANG_WARN__DUPLICATE_METHOD_MATCH = YES;
				COPY_PHASE_STRIP = NO;
				DEBUG_INFORMATION_FORMAT = "dwarf-with-dsym";
				ENABLE_NS_ASSERTIONS = NO;
				ENABLE_STRICT_OBJC_MSGSEND = YES;
				GCC_C_LANGUAGE_STANDARD = gnu11;
				GCC_NO_COMMON_BLOCKS = YES;
				GCC_WARN_64_TO_32_BIT_CONVERSION = YES;
				GCC_WARN_ABOUT_RETURN_TYPE = YES_ERROR;
				GCC_WARN_UNDECLARED_SELECTOR = YES;
				GCC_WARN_UNINITIALIZED_AUTOS = YES_AGGRESSIVE;
				GCC_WARN_UNUSED_FUNCTION = YES;
				GCC_WARN_UNUSED_VARIABLE = YES;
				IPHONEOS_DEPLOYMENT_TARGET = 16.2;
				MTL_ENABLE_DEBUG_INFO = NO;
				MTL_FAST_MATH = YES;
				SDKROOT = iphoneos;
				SWIFT_COMPILATION_MODE = wholemodule;
				SWIFT_OPTIMIZATION_LEVEL = "-O";
				VALIDATE_PRODUCT = YES;
			};
			name = Release;
		};
		028EED6D2983EA3D00385273 /* Debug */ = {
			isa = XCBuildConfiguration;
			buildSettings = {
				ASSETCATALOG_COMPILER_APPICON_NAME = AppIcon;
				ASSETCATALOG_COMPILER_GLOBAL_ACCENT_COLOR_NAME = AccentColor;
				CODE_SIGN_IDENTITY = "Apple Development";
				CODE_SIGN_STYLE = Automatic;
				CURRENT_PROJECT_VERSION = 1;
				DEVELOPMENT_ASSET_PATHS = "\"SMTechPrototype/Preview Content\"";
				DEVELOPMENT_TEAM = EHESBKNNV3;
				ENABLE_PREVIEWS = YES;
				GENERATE_INFOPLIST_FILE = YES;
				INFOPLIST_FILE = SMTechPrototype/Info.plist;
				INFOPLIST_KEY_LSApplicationCategoryType = "public.app-category.healthcare-fitness";
				INFOPLIST_KEY_UIApplicationSupportsIndirectInputEvents = YES;
				INFOPLIST_KEY_UILaunchScreen_Generation = YES;
				INFOPLIST_KEY_UISupportedInterfaceOrientations = UIInterfaceOrientationPortrait;
				INFOPLIST_KEY_UISupportedInterfaceOrientations_iPad = "UIInterfaceOrientationLandscapeLeft UIInterfaceOrientationLandscapeRight UIInterfaceOrientationPortrait UIInterfaceOrientationPortraitUpsideDown";
				LD_RUNPATH_SEARCH_PATHS = (
					"$(inherited)",
					"@executable_path/Frameworks",
				);
				MARKETING_VERSION = 1.0;
				OTHER_LDFLAGS = "";
				PRODUCT_BUNDLE_IDENTIFIER = SMTechPrototype;
				PRODUCT_NAME = "$(TARGET_NAME)";
				PROVISIONING_PROFILE_SPECIFIER = "";
				SUPPORTED_PLATFORMS = "iphoneos iphonesimulator";
				SUPPORTS_MACCATALYST = NO;
				SUPPORTS_MAC_DESIGNED_FOR_IPHONE_IPAD = NO;
				SWIFT_EMIT_LOC_STRINGS = YES;
				SWIFT_VERSION = 5.0;
				TARGETED_DEVICE_FAMILY = 1;
			};
			name = Debug;
		};
		028EED6E2983EA3D00385273 /* Release */ = {
			isa = XCBuildConfiguration;
			buildSettings = {
				ASSETCATALOG_COMPILER_APPICON_NAME = AppIcon;
				ASSETCATALOG_COMPILER_GLOBAL_ACCENT_COLOR_NAME = AccentColor;
				CODE_SIGN_IDENTITY = "Apple Development";
				CODE_SIGN_STYLE = Automatic;
				CURRENT_PROJECT_VERSION = 1;
				DEVELOPMENT_ASSET_PATHS = "\"SMTechPrototype/Preview Content\"";
				DEVELOPMENT_TEAM = EHESBKNNV3;
				ENABLE_PREVIEWS = YES;
				GENERATE_INFOPLIST_FILE = YES;
				INFOPLIST_FILE = SMTechPrototype/Info.plist;
				INFOPLIST_KEY_LSApplicationCategoryType = "public.app-category.healthcare-fitness";
				INFOPLIST_KEY_UIApplicationSupportsIndirectInputEvents = YES;
				INFOPLIST_KEY_UILaunchScreen_Generation = YES;
				INFOPLIST_KEY_UISupportedInterfaceOrientations = UIInterfaceOrientationPortrait;
				INFOPLIST_KEY_UISupportedInterfaceOrientations_iPad = "UIInterfaceOrientationLandscapeLeft UIInterfaceOrientationLandscapeRight UIInterfaceOrientationPortrait UIInterfaceOrientationPortraitUpsideDown";
				LD_RUNPATH_SEARCH_PATHS = (
					"$(inherited)",
					"@executable_path/Frameworks",
				);
				MARKETING_VERSION = 1.0;
				OTHER_LDFLAGS = "";
				PRODUCT_BUNDLE_IDENTIFIER = SMTechPrototype;
				PRODUCT_NAME = "$(TARGET_NAME)";
				PROVISIONING_PROFILE_SPECIFIER = "";
				SUPPORTED_PLATFORMS = "iphoneos iphonesimulator";
				SUPPORTS_MACCATALYST = NO;
				SUPPORTS_MAC_DESIGNED_FOR_IPHONE_IPAD = NO;
				SWIFT_EMIT_LOC_STRINGS = YES;
				SWIFT_VERSION = 5.0;
				TARGETED_DEVICE_FAMILY = 1;
			};
			name = Release;
		};
/* End XCBuildConfiguration section */

/* Begin XCConfigurationList section */
		028EED592983EA3C00385273 /* Build configuration list for PBXProject "SMTechPrototype" */ = {
			isa = XCConfigurationList;
			buildConfigurations = (
				028EED6A2983EA3D00385273 /* Debug */,
				028EED6B2983EA3D00385273 /* Release */,
			);
			defaultConfigurationIsVisible = 0;
			defaultConfigurationName = Release;
		};
		028EED6C2983EA3D00385273 /* Build configuration list for PBXNativeTarget "SMTechPrototype" */ = {
			isa = XCConfigurationList;
			buildConfigurations = (
				028EED6D2983EA3D00385273 /* Debug */,
				028EED6E2983EA3D00385273 /* Release */,
			);
			defaultConfigurationIsVisible = 0;
			defaultConfigurationName = Release;
		};
/* End XCConfigurationList section */

/* Begin XCRemoteSwiftPackageReference section */
		028EED862984474400385273 /* XCRemoteSwiftPackageReference "apollo-ios" */ = {
			isa = XCRemoteSwiftPackageReference;
			repositoryURL = "https://github.com/apollographql/apollo-ios.git";
			requirement = {
				kind = upToNextMajorVersion;
				minimumVersion = 1.0.0;
			};
		};
		028EED8929844D5600385273 /* XCRemoteSwiftPackageReference "contentful" */ = {
			isa = XCRemoteSwiftPackageReference;
			repositoryURL = "https://github.com/contentful/contentful.swift";
			requirement = {
				kind = upToNextMajorVersion;
				minimumVersion = 5.0.0;
			};
		};
		02B3B7A32991CB0600141EC5 /* XCRemoteSwiftPackageReference "Appboy-ios-sdk" */ = {
			isa = XCRemoteSwiftPackageReference;
			repositoryURL = "https://github.com/Appboy/Appboy-ios-sdk";
			requirement = {
				kind = upToNextMajorVersion;
				minimumVersion = 4.0.0;
			};
		};
		02B3B7AC2991CBDD00141EC5 /* XCRemoteSwiftPackageReference "firebase-ios-sdk" */ = {
			isa = XCRemoteSwiftPackageReference;
			repositoryURL = "https://github.com/firebase/firebase-ios-sdk";
			requirement = {
				kind = upToNextMajorVersion;
				minimumVersion = 9.0.0;
			};
		};
		02F132E2299145EA0094ADC3 /* XCRemoteSwiftPackageReference "chargebee-ios" */ = {
			isa = XCRemoteSwiftPackageReference;
			repositoryURL = "https://github.com/chargebee/chargebee-ios";
			requirement = {
				kind = upToNextMajorVersion;
				minimumVersion = 1.0.0;
			};
		};
/* End XCRemoteSwiftPackageReference section */

/* Begin XCSwiftPackageProductDependency section */
		028EED872984474400385273 /* Apollo */ = {
			isa = XCSwiftPackageProductDependency;
			package = 028EED862984474400385273 /* XCRemoteSwiftPackageReference "apollo-ios" */;
			productName = Apollo;
		};
		028EED8A29844D5600385273 /* Contentful */ = {
			isa = XCSwiftPackageProductDependency;
			package = 028EED8929844D5600385273 /* XCRemoteSwiftPackageReference "contentful" */;
			productName = Contentful;
		};
		02B3B7A42991CB0600141EC5 /* AppboyKit */ = {
			isa = XCSwiftPackageProductDependency;
			package = 02B3B7A32991CB0600141EC5 /* XCRemoteSwiftPackageReference "Appboy-ios-sdk" */;
			productName = AppboyKit;
		};
		02B3B7A62991CB0600141EC5 /* AppboyPushStory */ = {
			isa = XCSwiftPackageProductDependency;
			package = 02B3B7A32991CB0600141EC5 /* XCRemoteSwiftPackageReference "Appboy-ios-sdk" */;
			productName = AppboyPushStory;
		};
		02B3B7A82991CB0600141EC5 /* AppboyUI */ = {
			isa = XCSwiftPackageProductDependency;
			package = 02B3B7A32991CB0600141EC5 /* XCRemoteSwiftPackageReference "Appboy-ios-sdk" */;
			productName = AppboyUI;
		};
		02B3B7AD2991CBDD00141EC5 /* FirebaseAnalytics */ = {
			isa = XCSwiftPackageProductDependency;
			package = 02B3B7AC2991CBDD00141EC5 /* XCRemoteSwiftPackageReference "firebase-ios-sdk" */;
			productName = FirebaseAnalytics;
		};
		02B3B7AF2991CBDD00141EC5 /* FirebaseAnalyticsSwift */ = {
			isa = XCSwiftPackageProductDependency;
			package = 02B3B7AC2991CBDD00141EC5 /* XCRemoteSwiftPackageReference "firebase-ios-sdk" */;
			productName = FirebaseAnalyticsSwift;
		};
		02B3B7B12991CBDD00141EC5 /* FirebaseCrashlytics */ = {
			isa = XCSwiftPackageProductDependency;
			package = 02B3B7AC2991CBDD00141EC5 /* XCRemoteSwiftPackageReference "firebase-ios-sdk" */;
			productName = FirebaseCrashlytics;
		};
		02B3B7B32991CBDD00141EC5 /* FirebaseRemoteConfig */ = {
			isa = XCSwiftPackageProductDependency;
			package = 02B3B7AC2991CBDD00141EC5 /* XCRemoteSwiftPackageReference "firebase-ios-sdk" */;
			productName = FirebaseRemoteConfig;
		};
		02B3B7B52991CBDD00141EC5 /* FirebaseRemoteConfigSwift */ = {
			isa = XCSwiftPackageProductDependency;
			package = 02B3B7AC2991CBDD00141EC5 /* XCRemoteSwiftPackageReference "firebase-ios-sdk" */;
			productName = FirebaseRemoteConfigSwift;
		};
		02F132E3299145EA0094ADC3 /* Chargebee */ = {
			isa = XCSwiftPackageProductDependency;
			package = 02F132E2299145EA0094ADC3 /* XCRemoteSwiftPackageReference "chargebee-ios" */;
			productName = Chargebee;
		};
/* End XCSwiftPackageProductDependency section */
	};
	rootObject = 028EED562983EA3C00385273 /* Project object */;
}
